// !$*UTF8*$!
{
	archiveVersion = 1;
	classes = {
	};
	objectVersion = 46;
	objects = {

/* Begin PBXBuildFile section */
		831A33031D14499F008AFDCD /* CalculatorModel.swift in Sources */ = {isa = PBXBuildFile; fileRef = 831A33021D14499F008AFDCD /* CalculatorModel.swift */; };
		83A18F1A1D11C33F00740AB9 /* AppDelegate.swift in Sources */ = {isa = PBXBuildFile; fileRef = 83A18F191D11C33F00740AB9 /* AppDelegate.swift */; };
		83A18F1C1D11C33F00740AB9 /* ViewController.swift in Sources */ = {isa = PBXBuildFile; fileRef = 83A18F1B1D11C33F00740AB9 /* ViewController.swift */; };
		83A18F1F1D11C33F00740AB9 /* Main.storyboard in Resources */ = {isa = PBXBuildFile; fileRef = 83A18F1D1D11C33F00740AB9 /* Main.storyboard */; };
		83A18F211D11C33F00740AB9 /* Assets.xcassets in Resources */ = {isa = PBXBuildFile; fileRef = 83A18F201D11C33F00740AB9 /* Assets.xcassets */; };
		83A18F241D11C33F00740AB9 /* LaunchScreen.storyboard in Resources */ = {isa = PBXBuildFile; fileRef = 83A18F221D11C33F00740AB9 /* LaunchScreen.storyboard */; };
/* End PBXBuildFile section */

/* Begin PBXFileReference section */
		831A33021D14499F008AFDCD /* CalculatorModel.swift */ = {isa = PBXFileReference; fileEncoding = 4; lastKnownFileType = sourcecode.swift; path = CalculatorModel.swift; sourceTree = "<group>"; };
		83A18F161D11C33F00740AB9 /* Calculator.app */ = {isa = PBXFileReference; explicitFileType = wrapper.application; includeInIndex = 0; path = Calculator.app; sourceTree = BUILT_PRODUCTS_DIR; };
		83A18F191D11C33F00740AB9 /* AppDelegate.swift */ = {isa = PBXFileReference; lastKnownFileType = sourcecode.swift; path = AppDelegate.swift; sourceTree = "<group>"; };
		83A18F1B1D11C33F00740AB9 /* ViewController.swift */ = {isa = PBXFileReference; lastKnownFileType = sourcecode.swift; path = ViewController.swift; sourceTree = "<group>"; };
		83A18F1E1D11C33F00740AB9 /* Base */ = {isa = PBXFileReference; lastKnownFileType = file.storyboard; name = Base; path = Base.lproj/Main.storyboard; sourceTree = "<group>"; };
		83A18F201D11C33F00740AB9 /* Assets.xcassets */ = {isa = PBXFileReference; lastKnownFileType = folder.assetcatalog; path = Assets.xcassets; sourceTree = "<group>"; };
		83A18F231D11C33F00740AB9 /* Base */ = {isa = PBXFileReference; lastKnownFileType = file.storyboard; name = Base; path = Base.lproj/LaunchScreen.storyboard; sourceTree = "<group>"; };
		83A18F251D11C33F00740AB9 /* Info.plist */ = {isa = PBXFileReference; lastKnownFileType = text.plist.xml; path = Info.plist; sourceTree = "<group>"; };
/* End PBXFileReference section */

/* Begin PBXFrameworksBuildPhase section */
		83A18F131D11C33F00740AB9 /* Frameworks */ = {
			isa = PBXFrameworksBuildPhase;
			buildActionMask = 2147483647;
			files = (
			);
			runOnlyForDeploymentPostprocessing = 0;
		};
/* End PBXFrameworksBuildPhase section */

/* Begin PBXGroup section */
		83A18F0D1D11C33F00740AB9 = {
			isa = PBXGroup;
			children = (
				83A18F181D11C33F00740AB9 /* Calculator */,
				83A18F171D11C33F00740AB9 /* Products */,
			);
			sourceTree = "<group>";
		};
		83A18F171D11C33F00740AB9 /* Products */ = {
			isa = PBXGroup;
			children = (
				83A18F161D11C33F00740AB9 /* Calculator.app */,
			);
			name = Products;
			sourceTree = "<group>";
		};
		83A18F181D11C33F00740AB9 /* Calculator */ = {
			isa = PBXGroup;
			children = (
				83A18F1B1D11C33F00740AB9 /* ViewController.swift */,
				83A18F1D1D11C33F00740AB9 /* Main.storyboard */,
				831A33021D14499F008AFDCD /* CalculatorModel.swift */,
				83A18F2B1D11C5E700740AB9 /* Supporting Files */,
			);
			path = Calculator;
			sourceTree = "<group>";
		};
		83A18F2B1D11C5E700740AB9 /* Supporting Files */ = {
			isa = PBXGroup;
			children = (
				83A18F221D11C33F00740AB9 /* LaunchScreen.storyboard */,
				83A18F191D11C33F00740AB9 /* AppDelegate.swift */,
				83A18F251D11C33F00740AB9 /* Info.plist */,
				83A18F201D11C33F00740AB9 /* Assets.xcassets */,
			);
			name = "Supporting Files";
			sourceTree = "<group>";
		};
/* End PBXGroup section */

/* Begin PBXNativeTarget section */
		83A18F151D11C33F00740AB9 /* Calculator */ = {
			isa = PBXNativeTarget;
			buildConfigurationList = 83A18F281D11C33F00740AB9 /* Build configuration list for PBXNativeTarget "Calculator" */;
			buildPhases = (
				83A18F121D11C33F00740AB9 /* Sources */,
				83A18F131D11C33F00740AB9 /* Frameworks */,
				83A18F141D11C33F00740AB9 /* Resources */,
			);
			buildRules = (
			);
			dependencies = (
			);
			name = Calculator;
			productName = Calculator;
			productReference = 83A18F161D11C33F00740AB9 /* Calculator.app */;
			productType = "com.apple.product-type.application";
		};
/* End PBXNativeTarget section */

/* Begin PBXProject section */
		83A18F0E1D11C33F00740AB9 /* Project object */ = {
			isa = PBXProject;
			attributes = {
				LastSwiftUpdateCheck = 0730;
				LastUpgradeCheck = 0730;
				ORGANIZATIONNAME = "Jackie Liu";
				TargetAttributes = {
					83A18F151D11C33F00740AB9 = {
						CreatedOnToolsVersion = 7.3.1;
						DevelopmentTeam = 3VL2C844XN;
					};
				};
			};
			buildConfigurationList = 83A18F111D11C33F00740AB9 /* Build configuration list for PBXProject "Calculator" */;
			compatibilityVersion = "Xcode 3.2";
			developmentRegion = English;
			hasScannedForEncodings = 0;
			knownRegions = (
				en,
				Base,
			);
			mainGroup = 83A18F0D1D11C33F00740AB9;
			productRefGroup = 83A18F171D11C33F00740AB9 /* Products */;
			projectDirPath = "";
			projectRoot = "";
			targets = (
				83A18F151D11C33F00740AB9 /* Calculator */,
			);
		};
/* End PBXProject section */

/* Begin PBXResourcesBuildPhase section */
		83A18F141D11C33F00740AB9 /* Resources */ = {
			isa = PBXResourcesBuildPhase;
			buildActionMask = 2147483647;
			files = (
				83A18F241D11C33F00740AB9 /* LaunchScreen.storyboard in Resources */,
				83A18F211D11C33F00740AB9 /* Assets.xcassets in Resources */,
				83A18F1F1D11C33F00740AB9 /* Main.storyboard in Resources */,
			);
			runOnlyForDeploymentPostprocessing = 0;
		};
/* End PBXResourcesBuildPhase section */

/* Begin PBXSourcesBuildPhase section */
		83A18F121D11C33F00740AB9 /* Sources */ = {
			isa = PBXSourcesBuildPhase;
			buildActionMask = 2147483647;
			files = (
				831A33031D14499F008AFDCD /* CalculatorModel.swift in Sources */,
				83A18F1C1D11C33F00740AB9 /* ViewController.swift in Sources */,
				83A18F1A1D11C33F00740AB9 /* AppDelegate.swift in Sources */,
			);
			runOnlyForDeploymentPostprocessing = 0;
		};
/* End PBXSourcesBuildPhase section */

/* Begin PBXVariantGroup section */
		83A18F1D1D11C33F00740AB9 /* Main.storyboard */ = {
			isa = PBXVariantGroup;
			children = (
				83A18F1E1D11C33F00740AB9 /* Base */,
			);
			name = Main.storyboard;
			sourceTree = "<group>";
		};
		83A18F221D11C33F00740AB9 /* LaunchScreen.storyboard */ = {
			isa = PBXVariantGroup;
			children = (
				83A18F231D11C33F00740AB9 /* Base */,
			);
			name = LaunchScreen.storyboard;
			sourceTree = "<group>";
		};
/* End PBXVariantGroup section */

/* Begin XCBuildConfiguration section */
		83A18F261D11C33F00740AB9 /* Debug */ = {
			isa = XCBuildConfiguration;
			buildSettings = {
				ALWAYS_SEARCH_USER_PATHS = NO;
				CLANG_ANALYZER_NONNULL = YES;
				CLANG_CXX_LANGUAGE_STANDARD = "gnu++0x";
				CLANG_CXX_LIBRARY = "libc++";
				CLANG_ENABLE_MODULES = YES;
				CLANG_ENABLE_OBJC_ARC = YES;
				CLANG_WARN_BOOL_CONVERSION = YES;
				CLANG_WARN_CONSTANT_CONVERSION = YES;
				CLANG_WARN_DIRECT_OBJC_ISA_USAGE = YES_ERROR;
				CLANG_WARN_EMPTY_BODY = YES;
				CLANG_WARN_ENUM_CONVERSION = YES;
				CLANG_WARN_INT_CONVERSION = YES;
				CLANG_WARN_OBJC_ROOT_CLASS = YES_ERROR;
				CLANG_WARN_UNREACHABLE_CODE = YES;
				CLANG_WARN__DUPLICATE_METHOD_MATCH = YES;
				"CODE_SIGN_IDENTITY[sdk=iphoneos*]" = "iPhone Developer";
				COPY_PHASE_STRIP = NO;
				DEBUG_INFORMATION_FORMAT = dwarf;
				ENABLE_STRICT_OBJC_MSGSEND = YES;
				ENABLE_TESTABILITY = YES;
				GCC_C_LANGUAGE_STANDARD = gnu99;
				GCC_DYNAMIC_NO_PIC = NO;
				GCC_NO_COMMON_BLOCKS = YES;
				GCC_OPTIMIZATION_LEVEL = 0;
				GCC_PREPROCESSOR_DEFINITIONS = (
					"DEBUG=1",
					"$(inherited)",
				);
				GCC_WARN_64_TO_32_BIT_CONVERSION = YES;
				GCC_WARN_ABOUT_RETURN_TYPE = YES_ERROR;
				GCC_WARN_UNDECLARED_SELECTOR = YES;
				GCC_WARN_UNINITIALIZED_AUTOS = YES_AGGRESSIVE;
				GCC_WARN_UNUSED_FUNCTION = YES;
				GCC_WARN_UNUSED_VARIABLE = YES;
				IPHONEOS_DEPLOYMENT_TARGET = 9.3;
				MTL_ENABLE_DEBUG_INFO = YES;
				ONLY_ACTIVE_ARCH = YES;
				SDKROOT = iphoneos;
				SWIFT_OPTIMIZATION_LEVEL = "-Onone";
				TARGETED_DEVICE_FAMILY = "1,2";
			};
			name = Debug;
		};
		83A18F271D11C33F00740AB9 /* Release */ = {
			isa = XCBuildConfiguration;
			buildSettings = {
				ALWAYS_SEARCH_USER_PATHS = NO;
				CLANG_ANALYZER_NONNULL = YES;
				CLANG_CXX_LANGUAGE_STANDARD = "gnu++0x";
				CLANG_CXX_LIBRARY = "libc++";
				CLANG_ENABLE_MODULES = YES;
				CLANG_ENABLE_OBJC_ARC = YES;
				CLANG_WARN_BOOL_CONVERSION = YES;
				CLANG_WARN_CONSTANT_CONVERSION = YES;
				CLANG_WARN_DIRECT_OBJC_ISA_USAGE = YES_ERROR;
				CLANG_WARN_EMPTY_BODY = YES;
				CLANG_WARN_ENUM_CONVERSION = YES;
				CLANG_WARN_INT_CONVERSION = YES;
				CLANG_WARN_OBJC_ROOT_CLASS = YES_ERROR;
				CLANG_WARN_UNREACHABLE_CODE = YES;
				CLANG_WARN__DUPLICATE_METHOD_MATCH = YES;
				"CODE_SIGN_IDENTITY[sdk=iphoneos*]" = "iPhone Developer";
				COPY_PHASE_STRIP = NO;
				DEBUG_INFORMATION_FORMAT = "dwarf-with-dsym";
				ENABLE_NS_ASSERTIONS = NO;
				ENABLE_STRICT_OBJC_MSGSEND = YES;
				GCC_C_LANGUAGE_STANDARD = gnu99;
				GCC_NO_COMMON_BLOCKS = YES;
				GCC_WARN_64_TO_32_BIT_CONVERSION = YES;
				GCC_WARN_ABOUT_RETURN_TYPE = YES_ERROR;
				GCC_WARN_UNDECLARED_SELECTOR = YES;
				GCC_WARN_UNINITIALIZED_AUTOS = YES_AGGRESSIVE;
				GCC_WARN_UNUSED_FUNCTION = YES;
				GCC_WARN_UNUSED_VARIABLE = YES;
				IPHONEOS_DEPLOYMENT_TARGET = 9.3;
				MTL_ENABLE_DEBUG_INFO = NO;
				SDKROOT = iphoneos;
				TARGETED_DEVICE_FAMILY = "1,2";
				VALIDATE_PRODUCT = YES;
			};
			name = Release;
		};
		83A18F291D11C33F00740AB9 /* Debug */ = {
			isa = XCBuildConfiguration;
			buildSettings = {
				ASSETCATALOG_COMPILER_APPICON_NAME = AppIcon;
				CODE_SIGN_IDENTITY = "iPhone Developer";
				INFOPLIST_FILE = Calculator/Info.plist;
				LD_RUNPATH_SEARCH_PATHS = "$(inherited) @executable_path/Frameworks";
				PRODUCT_BUNDLE_IDENTIFIER = com.jliu.9282000.Calculator;
				PRODUCT_NAME = "$(TARGET_NAME)";
			};
			name = Debug;
		};
		83A18F2A1D11C33F00740AB9 /* Release */ = {
			isa = XCBuildConfiguration;
			buildSettings = {
				ASSETCATALOG_COMPILER_APPICON_NAME = AppIcon;
				CODE_SIGN_IDENTITY = "iPhone Developer";
				INFOPLIST_FILE = Calculator/Info.plist;
				LD_RUNPATH_SEARCH_PATHS = "$(inherited) @executable_path/Frameworks";
				PRODUCT_BUNDLE_IDENTIFIER = com.jliu.9282000.Calculator;
				PRODUCT_NAME = "$(TARGET_NAME)";
			};
			name = Release;
		};
/* End XCBuildConfiguration section */

/* Begin XCConfigurationList section */
		83A18F111D11C33F00740AB9 /* Build configuration list for PBXProject "Calculator" */ = {
			isa = XCConfigurationList;
			buildConfigurations = (
				83A18F261D11C33F00740AB9 /* Debug */,
				83A18F271D11C33F00740AB9 /* Release */,
			);
			defaultConfigurationIsVisible = 0;
			defaultConfigurationName = Release;
		};
		83A18F281D11C33F00740AB9 /* Build configuration list for PBXNativeTarget "Calculator" */ = {
			isa = XCConfigurationList;
			buildConfigurations = (
				83A18F291D11C33F00740AB9 /* Debug */,
				83A18F2A1D11C33F00740AB9 /* Release */,
			);
			defaultConfigurationIsVisible = 0;
			defaultConfigurationName = Release;
		};
/* End XCConfigurationList section */
	};
	rootObject = 83A18F0E1D11C33F00740AB9 /* Project object */;
}
